Microsoft Visual Studio Solution File, Format Version 12.00
# Visual Studio 2012
Project("{FAE04EC0-301F-11D3-BF4B-00C04F79EFBC}") = "robinson", "robinson.csproj", "{7D6BFA4C-AA3E-4C2F-AF3F-7C4554CB5FD0}"
EndProject
Global
	GlobalSection(SolutionConfigurationPlatforms) = preSolution
	Debug|Any CPU = Debug|Any CPU
	ExportDebug|Any CPU = ExportDebug|Any CPU
	ExportRelease|Any CPU = ExportRelease|Any CPU
	EndGlobalSection
	GlobalSection(ProjectConfigurationPlatforms) = postSolution
		{7D6BFA4C-AA3E-4C2F-AF3F-7C4554CB5FD0}.Debug|Any CPU.ActiveCfg = Debug|Any CPU
		{7D6BFA4C-AA3E-4C2F-AF3F-7C4554CB5FD0}.Debug|Any CPU.Build.0 = Debug|Any CPU
		{7D6BFA4C-AA3E-4C2F-AF3F-7C4554CB5FD0}.ExportDebug|Any CPU.ActiveCfg = ExportDebug|Any CPU
		{7D6BFA4C-AA3E-4C2F-AF3F-7C4554CB5FD0}.ExportDebug|Any CPU.Build.0 = ExportDebug|Any CPU
		{7D6BFA4C-AA3E-4C2F-AF3F-7C4554CB5FD0}.ExportRelease|Any CPU.ActiveCfg = ExportRelease|Any CPU
		{7D6BFA4C-AA3E-4C2F-AF3F-7C4554CB5FD0}.ExportRelease|Any CPU.Build.0 = ExportRelease|Any CPU
	EndGlobalSection
EndGlobal
